// !$*UTF8*$!
{
	archiveVersion = 1;
	classes = {
	};
	objectVersion = 55;
	objects = {

/* Begin PBXBuildFile section */
		BD935E6327901CA00008ED63 /* day2App.swift in Sources */ = {isa = PBXBuildFile; fileRef = BD935E6227901CA00008ED63 /* day2App.swift */; };
		BD935E6527901CA00008ED63 /* ContentView.swift in Sources */ = {isa = PBXBuildFile; fileRef = BD935E6427901CA00008ED63 /* ContentView.swift */; };
		BD935E6727901CA10008ED63 /* Assets.xcassets in Resources */ = {isa = PBXBuildFile; fileRef = BD935E6627901CA10008ED63 /* Assets.xcassets */; };
		BD935E6A27901CA10008ED63 /* Preview Assets.xcassets in Resources */ = {isa = PBXBuildFile; fileRef = BD935E6927901CA10008ED63 /* Preview Assets.xcassets */; };
		BD935E7227901CCA0008ED63 /* day2CoreDataModel.xcdatamodeld in Sources */ = {isa = PBXBuildFile; fileRef = BD935E7027901CCA0008ED63 /* day2CoreDataModel.xcdatamodeld */; };
		BD935E75279025EA0008ED63 /* CoreDataManager.swift in Sources */ = {isa = PBXBuildFile; fileRef = BD935E74279025EA0008ED63 /* CoreDataManager.swift */; };
		BD935E7727902BA60008ED63 /* SplashView.swift in Sources */ = {isa = PBXBuildFile; fileRef = BD935E7627902BA60008ED63 /* SplashView.swift */; };
		BD935E7A2790470B0008ED63 /* SimpleToast in Frameworks */ = {isa = PBXBuildFile; productRef = BD935E792790470B0008ED63 /* SimpleToast */; };
/* End PBXBuildFile section */

/* Begin PBXFileReference section */
		BD935E5F27901CA00008ED63 /* day2.app */ = {isa = PBXFileReference; explicitFileType = wrapper.application; includeInIndex = 0; path = day2.app; sourceTree = BUILT_PRODUCTS_DIR; };
		BD935E6227901CA00008ED63 /* day2App.swift */ = {isa = PBXFileReference; lastKnownFileType = sourcecode.swift; path = day2App.swift; sourceTree = "<group>"; };
		BD935E6427901CA00008ED63 /* ContentView.swift */ = {isa = PBXFileReference; lastKnownFileType = sourcecode.swift; path = ContentView.swift; sourceTree = "<group>"; };
		BD935E6627901CA10008ED63 /* Assets.xcassets */ = {isa = PBXFileReference; lastKnownFileType = folder.assetcatalog; path = Assets.xcassets; sourceTree = "<group>"; };
		BD935E6927901CA10008ED63 /* Preview Assets.xcassets */ = {isa = PBXFileReference; lastKnownFileType = folder.assetcatalog; path = "Preview Assets.xcassets"; sourceTree = "<group>"; };
		BD935E7127901CCA0008ED63 /* day2CoreDataModel.xcdatamodel */ = {isa = PBXFileReference; lastKnownFileType = wrapper.xcdatamodel; path = day2CoreDataModel.xcdatamodel; sourceTree = "<group>"; };
		BD935E74279025EA0008ED63 /* CoreDataManager.swift */ = {isa = PBXFileReference; lastKnownFileType = sourcecode.swift; path = CoreDataManager.swift; sourceTree = "<group>"; };
		BD935E7627902BA60008ED63 /* SplashView.swift */ = {isa = PBXFileReference; lastKnownFileType = sourcecode.swift; path = SplashView.swift; sourceTree = "<group>"; };
/* End PBXFileReference section */

/* Begin PBXFrameworksBuildPhase section */
		BD935E5C27901CA00008ED63 /* Frameworks */ = {
			isa = PBXFrameworksBuildPhase;
			buildActionMask = 2147483647;
			files = (
				BD935E7A2790470B0008ED63 /* SimpleToast in Frameworks */,
			);
			runOnlyForDeploymentPostprocessing = 0;
		};
/* End PBXFrameworksBuildPhase section */

/* Begin PBXGroup section */
		BD935E5627901CA00008ED63 = {
			isa = PBXGroup;
			children = (
				BD935E6127901CA00008ED63 /* day2 */,
				BD935E6027901CA00008ED63 /* Products */,
			);
			sourceTree = "<group>";
		};
		BD935E6027901CA00008ED63 /* Products */ = {
			isa = PBXGroup;
			children = (
				BD935E5F27901CA00008ED63 /* day2.app */,
			);
			name = Products;
			sourceTree = "<group>";
		};
		BD935E6127901CA00008ED63 /* day2 */ = {
			isa = PBXGroup;
			children = (
				BD935E73279025B60008ED63 /* Managers */,
				BD935E6227901CA00008ED63 /* day2App.swift */,
				BD935E7027901CCA0008ED63 /* day2CoreDataModel.xcdatamodeld */,
				BD935E6427901CA00008ED63 /* ContentView.swift */,
				BD935E7627902BA60008ED63 /* SplashView.swift */,
				BD935E6627901CA10008ED63 /* Assets.xcassets */,
				BD935E6827901CA10008ED63 /* Preview Content */,
			);
			path = day2;
			sourceTree = "<group>";
		};
		BD935E6827901CA10008ED63 /* Preview Content */ = {
			isa = PBXGroup;
			children = (
				BD935E6927901CA10008ED63 /* Preview Assets.xcassets */,
			);
			path = "Preview Content";
			sourceTree = "<group>";
		};
		BD935E73279025B60008ED63 /* Managers */ = {
			isa = PBXGroup;
			children = (
				BD935E74279025EA0008ED63 /* CoreDataManager.swift */,
			);
			path = Managers;
			sourceTree = "<group>";
		};
/* End PBXGroup section */

/* Begin PBXNativeTarget section */
		BD935E5E27901CA00008ED63 /* day2 */ = {
			isa = PBXNativeTarget;
			buildConfigurationList = BD935E6D27901CA10008ED63 /* Build configuration list for PBXNativeTarget "day2" */;
			buildPhases = (
				BD935E5B27901CA00008ED63 /* Sources */,
				BD935E5C27901CA00008ED63 /* Frameworks */,
				BD935E5D27901CA00008ED63 /* Resources */,
			);
			buildRules = (
			);
			dependencies = (
			);
			name = day2;
			packageProductDependencies = (
				BD935E792790470B0008ED63 /* SimpleToast */,
			);
			productName = day2;
			productReference = BD935E5F27901CA00008ED63 /* day2.app */;
			productType = "com.apple.product-type.application";
		};
/* End PBXNativeTarget section */

/* Begin PBXProject section */
		BD935E5727901CA00008ED63 /* Project object */ = {
			isa = PBXProject;
			attributes = {
				BuildIndependentTargetsInParallel = 1;
				LastSwiftUpdateCheck = 1320;
				LastUpgradeCheck = 1320;
				TargetAttributes = {
					BD935E5E27901CA00008ED63 = {
						CreatedOnToolsVersion = 13.2.1;
					};
				};
			};
			buildConfigurationList = BD935E5A27901CA00008ED63 /* Build configuration list for PBXProject "day2" */;
			compatibilityVersion = "Xcode 13.0";
			developmentRegion = en;
			hasScannedForEncodings = 0;
			knownRegions = (
				en,
				Base,
			);
			mainGroup = BD935E5627901CA00008ED63;
			packageReferences = (
				BD935E782790470B0008ED63 /* XCRemoteSwiftPackageReference "SimpleToast" */,
			);
			productRefGroup = BD935E6027901CA00008ED63 /* Products */;
			projectDirPath = "";
			projectRoot = "";
			targets = (
				BD935E5E27901CA00008ED63 /* day2 */,
			);
		};
/* End PBXProject section */

/* Begin PBXResourcesBuildPhase section */
		BD935E5D27901CA00008ED63 /* Resources */ = {
			isa = PBXResourcesBuildPhase;
			buildActionMask = 2147483647;
			files = (
				BD935E6A27901CA10008ED63 /* Preview Assets.xcassets in Resources */,
				BD935E6727901CA10008ED63 /* Assets.xcassets in Resources */,
			);
			runOnlyForDeploymentPostprocessing = 0;
		};
/* End PBXResourcesBuildPhase section */

/* Begin PBXSourcesBuildPhase section */
		BD935E5B27901CA00008ED63 /* Sources */ = {
			isa = PBXSourcesBuildPhase;
			buildActionMask = 2147483647;
			files = (
				BD935E6527901CA00008ED63 /* ContentView.swift in Sources */,
				BD935E6327901CA00008ED63 /* day2App.swift in Sources */,
				BD935E7727902BA60008ED63 /* SplashView.swift in Sources */,
				BD935E75279025EA0008ED63 /* CoreDataManager.swift in Sources */,
				BD935E7227901CCA0008ED63 /* day2CoreDataModel.xcdatamodeld in Sources */,
			);
			runOnlyForDeploymentPostprocessing = 0;
		};
/* End PBXSourcesBuildPhase section */

/* Begin XCBuildConfiguration section */
		BD935E6B27901CA10008ED63 /* Debug */ = {
			isa = XCBuildConfiguration;
			buildSettings = {
				ALWAYS_SEARCH_USER_PATHS = NO;
				CLANG_ANALYZER_NONNULL = YES;
				CLANG_ANALYZER_NUMBER_OBJECT_CONVERSION = YES_AGGRESSIVE;
				CLANG_CXX_LANGUAGE_STANDARD = "gnu++17";
				CLANG_CXX_LIBRARY = "libc++";
				CLANG_ENABLE_MODULES = YES;
				CLANG_ENABLE_OBJC_ARC = YES;
				CLANG_ENABLE_OBJC_WEAK = YES;
				CLANG_WARN_BLOCK_CAPTURE_AUTORELEASING = YES;
				CLANG_WARN_BOOL_CONVERSION = YES;
				CLANG_WARN_COMMA = YES;
				CLANG_WARN_CONSTANT_CONVERSION = YES;
				CLANG_WARN_DEPRECATED_OBJC_IMPLEMENTATIONS = YES;
				CLANG_WARN_DIRECT_OBJC_ISA_USAGE = YES_ERROR;
				CLANG_WARN_DOCUMENTATION_COMMENTS = YES;
				CLANG_WARN_EMPTY_BODY = YES;
				CLANG_WARN_ENUM_CONVERSION = YES;
				CLANG_WARN_INFINITE_RECURSION = YES;
				CLANG_WARN_INT_CONVERSION = YES;
				CLANG_WARN_NON_LITERAL_NULL_CONVERSION = YES;
				CLANG_WARN_OBJC_IMPLICIT_RETAIN_SELF = YES;
				CLANG_WARN_OBJC_LITERAL_CONVERSION = YES;
				CLANG_WARN_OBJC_ROOT_CLASS = YES_ERROR;
				CLANG_WARN_QUOTED_INCLUDE_IN_FRAMEWORK_HEADER = YES;
				CLANG_WARN_RANGE_LOOP_ANALYSIS = YES;
				CLANG_WARN_STRICT_PROTOTYPES = YES;
				CLANG_WARN_SUSPICIOUS_MOVE = YES;
				CLANG_WARN_UNGUARDED_AVAILABILITY = YES_AGGRESSIVE;
				CLANG_WARN_UNREACHABLE_CODE = YES;
				CLANG_WARN__DUPLICATE_METHOD_MATCH = YES;
				COPY_PHASE_STRIP = NO;
				DEBUG_INFORMATION_FORMAT = dwarf;
				ENABLE_STRICT_OBJC_MSGSEND = YES;
				ENABLE_TESTABILITY = YES;
				GCC_C_LANGUAGE_STANDARD = gnu11;
				GCC_DYNAMIC_NO_PIC = NO;
				GCC_NO_COMMON_BLOCKS = YES;
				GCC_OPTIMIZATION_LEVEL = 0;
				GCC_PREPROCESSOR_DEFINITIONS = (
					"DEBUG=1",
					"$(inherited)",
				);
				GCC_WARN_64_TO_32_BIT_CONVERSION = YES;
				GCC_WARN_ABOUT_RETURN_TYPE = YES_ERROR;
				GCC_WARN_UNDECLARED_SELECTOR = YES;
				GCC_WARN_UNINITIALIZED_AUTOS = YES_AGGRESSIVE;
				GCC_WARN_UNUSED_FUNCTION = YES;
				GCC_WARN_UNUSED_VARIABLE = YES;
				IPHONEOS_DEPLOYMENT_TARGET = 15.2;
				MTL_ENABLE_DEBUG_INFO = INCLUDE_SOURCE;
				MTL_FAST_MATH = YES;
				ONLY_ACTIVE_ARCH = YES;
				SDKROOT = iphoneos;
				SWIFT_ACTIVE_COMPILATION_CONDITIONS = DEBUG;
				SWIFT_OPTIMIZATION_LEVEL = "-Onone";
			};
			name = Debug;
		};
		BD935E6C27901CA10008ED63 /* Release */ = {
			isa = XCBuildConfiguration;
			buildSettings = {
				ALWAYS_SEARCH_USER_PATHS = NO;
				CLANG_ANALYZER_NONNULL = YES;
				CLANG_ANALYZER_NUMBER_OBJECT_CONVERSION = YES_AGGRESSIVE;
				CLANG_CXX_LANGUAGE_STANDARD = "gnu++17";
				CLANG_CXX_LIBRARY = "libc++";
				CLANG_ENABLE_MODULES = YES;
				CLANG_ENABLE_OBJC_ARC = YES;
				CLANG_ENABLE_OBJC_WEAK = YES;
				CLANG_WARN_BLOCK_CAPTURE_AUTORELEASING = YES;
				CLANG_WARN_BOOL_CONVERSION = YES;
				CLANG_WARN_COMMA = YES;
				CLANG_WARN_CONSTANT_CONVERSION = YES;
				CLANG_WARN_DEPRECATED_OBJC_IMPLEMENTATIONS = YES;
				CLANG_WARN_DIRECT_OBJC_ISA_USAGE = YES_ERROR;
				CLANG_WARN_DOCUMENTATION_COMMENTS = YES;
				CLANG_WARN_EMPTY_BODY = YES;
				CLANG_WARN_ENUM_CONVERSION = YES;
				CLANG_WARN_INFINITE_RECURSION = YES;
				CLANG_WARN_INT_CONVERSION = YES;
				CLANG_WARN_NON_LITERAL_NULL_CONVERSION = YES;
				CLANG_WARN_OBJC_IMPLICIT_RETAIN_SELF = YES;
				CLANG_WARN_OBJC_LITERAL_CONVERSION = YES;
				CLANG_WARN_OBJC_ROOT_CLASS = YES_ERROR;
				CLANG_WARN_QUOTED_INCLUDE_IN_FRAMEWORK_HEADER = YES;
				CLANG_WARN_RANGE_LOOP_ANALYSIS = YES;
				CLANG_WARN_STRICT_PROTOTYPES = YES;
				CLANG_WARN_SUSPICIOUS_MOVE = YES;
				CLANG_WARN_UNGUARDED_AVAILABILITY = YES_AGGRESSIVE;
				CLANG_WARN_UNREACHABLE_CODE = YES;
				CLANG_WARN__DUPLICATE_METHOD_MATCH = YES;
				COPY_PHASE_STRIP = NO;
				DEBUG_INFORMATION_FORMAT = "dwarf-with-dsym";
				ENABLE_NS_ASSERTIONS = NO;
				ENABLE_STRICT_OBJC_MSGSEND = YES;
				GCC_C_LANGUAGE_STANDARD = gnu11;
				GCC_NO_COMMON_BLOCKS = YES;
				GCC_WARN_64_TO_32_BIT_CONVERSION = YES;
				GCC_WARN_ABOUT_RETURN_TYPE = YES_ERROR;
				GCC_WARN_UNDECLARED_SELECTOR = YES;
				GCC_WARN_UNINITIALIZED_AUTOS = YES_AGGRESSIVE;
				GCC_WARN_UNUSED_FUNCTION = YES;
				GCC_WARN_UNUSED_VARIABLE = YES;
				IPHONEOS_DEPLOYMENT_TARGET = 15.2;
				MTL_ENABLE_DEBUG_INFO = NO;
				MTL_FAST_MATH = YES;
				SDKROOT = iphoneos;
				SWIFT_COMPILATION_MODE = wholemodule;
				SWIFT_OPTIMIZATION_LEVEL = "-O";
				VALIDATE_PRODUCT = YES;
			};
			name = Release;
		};
		BD935E6E27901CA10008ED63 /* Debug */ = {
			isa = XCBuildConfiguration;
			buildSettings = {
				ASSETCATALOG_COMPILER_APPICON_NAME = AppIcon;
				ASSETCATALOG_COMPILER_GLOBAL_ACCENT_COLOR_NAME = AccentColor;
				CODE_SIGN_STYLE = Automatic;
				CURRENT_PROJECT_VERSION = 1;
				DEVELOPMENT_ASSET_PATHS = "\"day2/Preview Content\"";
				DEVELOPMENT_TEAM = JY38M4N232;
				ENABLE_PREVIEWS = YES;
				GENERATE_INFOPLIST_FILE = YES;
				INFOPLIST_KEY_UIApplicationSceneManifest_Generation = YES;
				INFOPLIST_KEY_UIApplicationSupportsIndirectInputEvents = YES;
				INFOPLIST_KEY_UILaunchScreen_Generation = YES;
				INFOPLIST_KEY_UISupportedInterfaceOrientations_iPad = "UIInterfaceOrientationPortrait UIInterfaceOrientationPortraitUpsideDown UIInterfaceOrientationLandscapeLeft UIInterfaceOrientationLandscapeRight";
				INFOPLIST_KEY_UISupportedInterfaceOrientations_iPhone = "UIInterfaceOrientationPortrait UIInterfaceOrientationLandscapeLeft UIInterfaceOrientationLandscapeRight";
				LD_RUNPATH_SEARCH_PATHS = (
					"$(inherited)",
					"@executable_path/Frameworks",
				);
				MARKETING_VERSION = 1.0;
				PRODUCT_BUNDLE_IDENTIFIER = in.toothsi.day2;
				PRODUCT_NAME = "$(TARGET_NAME)";
				SWIFT_EMIT_LOC_STRINGS = YES;
				SWIFT_VERSION = 5.0;
				TARGETED_DEVICE_FAMILY = "1,2";
			};
			name = Debug;
		};
		BD935E6F27901CA10008ED63 /* Release */ = {
			isa = XCBuildConfiguration;
			buildSettings = {
				ASSETCATALOG_COMPILER_APPICON_NAME = AppIcon;
				ASSETCATALOG_COMPILER_GLOBAL_ACCENT_COLOR_NAME = AccentColor;
				CODE_SIGN_STYLE = Automatic;
				CURRENT_PROJECT_VERSION = 1;
				DEVELOPMENT_ASSET_PATHS = "\"day2/Preview Content\"";
				DEVELOPMENT_TEAM = JY38M4N232;
				ENABLE_PREVIEWS = YES;
				GENERATE_INFOPLIST_FILE = YES;
				INFOPLIST_KEY_UIApplicationSceneManifest_Generation = YES;
				INFOPLIST_KEY_UIApplicationSupportsIndirectInputEvents = YES;
				INFOPLIST_KEY_UILaunchScreen_Generation = YES;
				INFOPLIST_KEY_UISupportedInterfaceOrientations_iPad = "UIInterfaceOrientationPortrait UIInterfaceOrientationPortraitUpsideDown UIInterfaceOrientationLandscapeLeft UIInterfaceOrientationLandscapeRight";
				INFOPLIST_KEY_UISupportedInterfaceOrientations_iPhone = "UIInterfaceOrientationPortrait UIInterfaceOrientationLandscapeLeft UIInterfaceOrientationLandscapeRight";
				LD_RUNPATH_SEARCH_PATHS = (
					"$(inherited)",
					"@executable_path/Frameworks",
				);
				MARKETING_VERSION = 1.0;
				PRODUCT_BUNDLE_IDENTIFIER = in.toothsi.day2;
				PRODUCT_NAME = "$(TARGET_NAME)";
				SWIFT_EMIT_LOC_STRINGS = YES;
				SWIFT_VERSION = 5.0;
				TARGETED_DEVICE_FAMILY = "1,2";
			};
			name = Release;
		};
/* End XCBuildConfiguration section */

/* Begin XCConfigurationList section */
		BD935E5A27901CA00008ED63 /* Build configuration list for PBXProject "day2" */ = {
			isa = XCConfigurationList;
			buildConfigurations = (
				BD935E6B27901CA10008ED63 /* Debug */,
				BD935E6C27901CA10008ED63 /* Release */,
			);
			defaultConfigurationIsVisible = 0;
			defaultConfigurationName = Release;
		};
		BD935E6D27901CA10008ED63 /* Build configuration list for PBXNativeTarget "day2" */ = {
			isa = XCConfigurationList;
			buildConfigurations = (
				BD935E6E27901CA10008ED63 /* Debug */,
				BD935E6F27901CA10008ED63 /* Release */,
			);
			defaultConfigurationIsVisible = 0;
			defaultConfigurationName = Release;
		};
/* End XCConfigurationList section */

/* Begin XCRemoteSwiftPackageReference section */
		BD935E782790470B0008ED63 /* XCRemoteSwiftPackageReference "SimpleToast" */ = {
			isa = XCRemoteSwiftPackageReference;
			repositoryURL = "https://github.com/sanzaru/SimpleToast";
			requirement = {
				kind = upToNextMajorVersion;
				minimumVersion = 0.5.0;
			};
		};
/* End XCRemoteSwiftPackageReference section */

/* Begin XCSwiftPackageProductDependency section */
		BD935E792790470B0008ED63 /* SimpleToast */ = {
			isa = XCSwiftPackageProductDependency;
			package = BD935E782790470B0008ED63 /* XCRemoteSwiftPackageReference "SimpleToast" */;
			productName = SimpleToast;
		};
/* End XCSwiftPackageProductDependency section */

/* Begin XCVersionGroup section */
		BD935E7027901CCA0008ED63 /* day2CoreDataModel.xcdatamodeld */ = {
			isa = XCVersionGroup;
			children = (
				BD935E7127901CCA0008ED63 /* day2CoreDataModel.xcdatamodel */,
			);
			currentVersion = BD935E7127901CCA0008ED63 /* day2CoreDataModel.xcdatamodel */;
			path = day2CoreDataModel.xcdatamodeld;
			sourceTree = "<group>";
			versionGroupType = wrapper.xcdatamodel;
		};
/* End XCVersionGroup section */
	};
	rootObject = BD935E5727901CA00008ED63 /* Project object */;
}
